
Microsoft Visual Studio Solution File, Format Version 12.00
# Visual Studio Version 16
VisualStudioVersion = 16.0.31729.503
MinimumVisualStudioVersion = 10.0.40219.1
Project("{8BC9CEB8-8B4A-11D0-8D11-00A0C91BC942}") = "Lab2", "Lab2\Lab2.vcxproj", "{B549D699-6FA8-429D-8626-54253CD43D88}"
EndProject
Global
	GlobalSection(SolutionConfigurationPlatforms) = preSolution
		Debug|x64 = Debug|x64
		Debug|x86 = Debug|x86
		Release|x64 = Release|x64
		Release|x86 = Release|x86
	EndGlobalSection
	GlobalSection(ProjectConfigurationPlatforms) = postSolution
		{B549D699-6FA8-429D-8626-54253CD43D88}.Debug|x64.ActiveCfg = Debug|x64
		{B549D699-6FA8-429D-8626-54253CD43D88}.Debug|x64.Build.0 = Debug|x64
		{B549D699-6FA8-429D-8626-54253CD43D88}.Debug|x86.ActiveCfg = Debug|Win32
		{B549D699-6FA8-429D-8626-54253CD43D88}.Debug|x86.Build.0 = Debug|Win32
		{B549D699-6FA8-429D-8626-54253CD43D88}.Release|x64.ActiveCfg = Release|x64
		{B549D699-6FA8-429D-8626-54253CD43D88}.Release|x64.Build.0 = Release|x64
		{B549D699-6FA8-429D-8626-54253CD43D88}.Release|x86.ActiveCfg = Release|Win32
		{B549D699-6FA8-429D-8626-54253CD43D88}.Release|x86.Build.0 = Release|Win32
	EndGlobalSection
	GlobalSection(SolutionProperties) = preSolution
		HideSolutionNode = FALSE
	EndGlobalSection
	GlobalSection(ExtensibilityGlobals) = postSolution
		SolutionGuid = {EE4D6E15-10FF-4432-A126-1FA4A88662B2}
	EndGlobalSection
EndGlobal
